
Microsoft Visual Studio Solution File, Format Version 12.00
# Visual Studio Version 17
VisualStudioVersion = 17.2.32505.173
MinimumVisualStudioVersion = 10.0.40219.1
Project("{FAE04EC0-301F-11D3-BF4B-00C04F79EFBC}") = "Questao 3 - Prova de Logica - unifaat", "Questao 3 - Prova de Logica - unifaat\Questao 3 - Prova de Logica - unifaat.csproj", "{F9683626-37FB-4CB4-BD2E-73118C0742D7}"
EndProject
Global
	GlobalSection(SolutionConfigurationPlatforms) = preSolution
		Debug|Any CPU = Debug|Any CPU
		Release|Any CPU = Release|Any CPU
	EndGlobalSection
	GlobalSection(ProjectConfigurationPlatforms) = postSolution
		{F9683626-37FB-4CB4-BD2E-73118C0742D7}.Debug|Any CPU.ActiveCfg = Debug|Any CPU
		{F9683626-37FB-4CB4-BD2E-73118C0742D7}.Debug|Any CPU.Build.0 = Debug|Any CPU
		{F9683626-37FB-4CB4-BD2E-73118C0742D7}.Release|Any CPU.ActiveCfg = Release|Any CPU
		{F9683626-37FB-4CB4-BD2E-73118C0742D7}.Release|Any CPU.Build.0 = Release|Any CPU
	EndGlobalSection
	GlobalSection(SolutionProperties) = preSolution
		HideSolutionNode = FALSE
	EndGlobalSection
	GlobalSection(ExtensibilityGlobals) = postSolution
		SolutionGuid = {68223289-0FB5-4160-8BE9-0D50A75A68B7}
	EndGlobalSection
EndGlobal
